// !$*UTF8*$!
{
	archiveVersion = 1;
	classes = {
	};
	objectVersion = 50;
	objects = {

/* Begin PBXBuildFile section */
		2A516EC723EAA0700061D47F /* AppDelegate.swift in Sources */ = {isa = PBXBuildFile; fileRef = 2A516EC623EAA0700061D47F /* AppDelegate.swift */; };
		2A516EC923EAA0700061D47F /* SceneDelegate.swift in Sources */ = {isa = PBXBuildFile; fileRef = 2A516EC823EAA0700061D47F /* SceneDelegate.swift */; };
		2A516ECB23EAA0700061D47F /* ViewController.swift in Sources */ = {isa = PBXBuildFile; fileRef = 2A516ECA23EAA0700061D47F /* ViewController.swift */; };
		2A516ECE23EAA0700061D47F /* Main.storyboard in Resources */ = {isa = PBXBuildFile; fileRef = 2A516ECC23EAA0700061D47F /* Main.storyboard */; };
		2A516ED023EAA0720061D47F /* Assets.xcassets in Resources */ = {isa = PBXBuildFile; fileRef = 2A516ECF23EAA0720061D47F /* Assets.xcassets */; };
		2A516ED323EAA0720061D47F /* LaunchScreen.storyboard in Resources */ = {isa = PBXBuildFile; fileRef = 2A516ED123EAA0720061D47F /* LaunchScreen.storyboard */; };
		2A516EDE23EAA0730061D47F /* projCryptoTests.swift in Sources */ = {isa = PBXBuildFile; fileRef = 2A516EDD23EAA0730061D47F /* projCryptoTests.swift */; };
		2A516EE923EAA0730061D47F /* projCryptoUITests.swift in Sources */ = {isa = PBXBuildFile; fileRef = 2A516EE823EAA0730061D47F /* projCryptoUITests.swift */; };
		2A516F0D23EAC6470061D47F /* EncryptViewController.swift in Sources */ = {isa = PBXBuildFile; fileRef = 2A516F0C23EAC6470061D47F /* EncryptViewController.swift */; };
		2A516F0F23EAC6610061D47F /* DecryptViewController.swift in Sources */ = {isa = PBXBuildFile; fileRef = 2A516F0E23EAC6610061D47F /* DecryptViewController.swift */; };
/* End PBXBuildFile section */

/* Begin PBXContainerItemProxy section */
		2A516EDA23EAA0730061D47F /* PBXContainerItemProxy */ = {
			isa = PBXContainerItemProxy;
			containerPortal = 2A516EBB23EAA0700061D47F /* Project object */;
			proxyType = 1;
			remoteGlobalIDString = 2A516EC223EAA0700061D47F;
			remoteInfo = projCrypto;
		};
		2A516EE523EAA0730061D47F /* PBXContainerItemProxy */ = {
			isa = PBXContainerItemProxy;
			containerPortal = 2A516EBB23EAA0700061D47F /* Project object */;
			proxyType = 1;
			remoteGlobalIDString = 2A516EC223EAA0700061D47F;
			remoteInfo = projCrypto;
		};
/* End PBXContainerItemProxy section */

/* Begin PBXFileReference section */
		2A516EC323EAA0700061D47F /* projCrypto.app */ = {isa = PBXFileReference; explicitFileType = wrapper.application; includeInIndex = 0; path = projCrypto.app; sourceTree = BUILT_PRODUCTS_DIR; };
		2A516EC623EAA0700061D47F /* AppDelegate.swift */ = {isa = PBXFileReference; lastKnownFileType = sourcecode.swift; path = AppDelegate.swift; sourceTree = "<group>"; };
		2A516EC823EAA0700061D47F /* SceneDelegate.swift */ = {isa = PBXFileReference; lastKnownFileType = sourcecode.swift; path = SceneDelegate.swift; sourceTree = "<group>"; };
		2A516ECA23EAA0700061D47F /* ViewController.swift */ = {isa = PBXFileReference; lastKnownFileType = sourcecode.swift; path = ViewController.swift; sourceTree = "<group>"; };
		2A516ECD23EAA0700061D47F /* Base */ = {isa = PBXFileReference; lastKnownFileType = file.storyboard; name = Base; path = Base.lproj/Main.storyboard; sourceTree = "<group>"; };
		2A516ECF23EAA0720061D47F /* Assets.xcassets */ = {isa = PBXFileReference; lastKnownFileType = folder.assetcatalog; path = Assets.xcassets; sourceTree = "<group>"; };
		2A516ED223EAA0720061D47F /* Base */ = {isa = PBXFileReference; lastKnownFileType = file.storyboard; name = Base; path = Base.lproj/LaunchScreen.storyboard; sourceTree = "<group>"; };
		2A516ED423EAA0720061D47F /* Info.plist */ = {isa = PBXFileReference; lastKnownFileType = text.plist.xml; path = Info.plist; sourceTree = "<group>"; };
		2A516ED923EAA0730061D47F /* projCryptoTests.xctest */ = {isa = PBXFileReference; explicitFileType = wrapper.cfbundle; includeInIndex = 0; path = projCryptoTests.xctest; sourceTree = BUILT_PRODUCTS_DIR; };
		2A516EDD23EAA0730061D47F /* projCryptoTests.swift */ = {isa = PBXFileReference; lastKnownFileType = sourcecode.swift; path = projCryptoTests.swift; sourceTree = "<group>"; };
		2A516EDF23EAA0730061D47F /* Info.plist */ = {isa = PBXFileReference; lastKnownFileType = text.plist.xml; path = Info.plist; sourceTree = "<group>"; };
		2A516EE423EAA0730061D47F /* projCryptoUITests.xctest */ = {isa = PBXFileReference; explicitFileType = wrapper.cfbundle; includeInIndex = 0; path = projCryptoUITests.xctest; sourceTree = BUILT_PRODUCTS_DIR; };
		2A516EE823EAA0730061D47F /* projCryptoUITests.swift */ = {isa = PBXFileReference; lastKnownFileType = sourcecode.swift; path = projCryptoUITests.swift; sourceTree = "<group>"; };
		2A516EEA23EAA0730061D47F /* Info.plist */ = {isa = PBXFileReference; lastKnownFileType = text.plist.xml; path = Info.plist; sourceTree = "<group>"; };
		2A516F0C23EAC6470061D47F /* EncryptViewController.swift */ = {isa = PBXFileReference; lastKnownFileType = sourcecode.swift; path = EncryptViewController.swift; sourceTree = "<group>"; };
		2A516F0E23EAC6610061D47F /* DecryptViewController.swift */ = {isa = PBXFileReference; lastKnownFileType = sourcecode.swift; path = DecryptViewController.swift; sourceTree = "<group>"; };
/* End PBXFileReference section */

/* Begin PBXFrameworksBuildPhase section */
		2A516EC023EAA0700061D47F /* Frameworks */ = {
			isa = PBXFrameworksBuildPhase;
			buildActionMask = 2147483647;
			files = (
			);
			runOnlyForDeploymentPostprocessing = 0;
		};
		2A516ED623EAA0730061D47F /* Frameworks */ = {
			isa = PBXFrameworksBuildPhase;
			buildActionMask = 2147483647;
			files = (
			);
			runOnlyForDeploymentPostprocessing = 0;
		};
		2A516EE123EAA0730061D47F /* Frameworks */ = {
			isa = PBXFrameworksBuildPhase;
			buildActionMask = 2147483647;
			files = (
			);
			runOnlyForDeploymentPostprocessing = 0;
		};
/* End PBXFrameworksBuildPhase section */

/* Begin PBXGroup section */
		2A516EBA23EAA0700061D47F = {
			isa = PBXGroup;
			children = (
				2A516EC523EAA0700061D47F /* projCrypto */,
				2A516EDC23EAA0730061D47F /* projCryptoTests */,
				2A516EE723EAA0730061D47F /* projCryptoUITests */,
				2A516EC423EAA0700061D47F /* Products */,
			);
			sourceTree = "<group>";
		};
		2A516EC423EAA0700061D47F /* Products */ = {
			isa = PBXGroup;
			children = (
				2A516EC323EAA0700061D47F /* projCrypto.app */,
				2A516ED923EAA0730061D47F /* projCryptoTests.xctest */,
				2A516EE423EAA0730061D47F /* projCryptoUITests.xctest */,
			);
			name = Products;
			sourceTree = "<group>";
		};
		2A516EC523EAA0700061D47F /* projCrypto */ = {
			isa = PBXGroup;
			children = (
				2A516EC623EAA0700061D47F /* AppDelegate.swift */,
				2A516EC823EAA0700061D47F /* SceneDelegate.swift */,
				2A516ECA23EAA0700061D47F /* ViewController.swift */,
				2A516F0C23EAC6470061D47F /* EncryptViewController.swift */,
				2A516F0E23EAC6610061D47F /* DecryptViewController.swift */,
				2A516ECC23EAA0700061D47F /* Main.storyboard */,
				2A516ECF23EAA0720061D47F /* Assets.xcassets */,
				2A516ED123EAA0720061D47F /* LaunchScreen.storyboard */,
				2A516ED423EAA0720061D47F /* Info.plist */,
			);
			path = projCrypto;
			sourceTree = "<group>";
		};
		2A516EDC23EAA0730061D47F /* projCryptoTests */ = {
			isa = PBXGroup;
			children = (
				2A516EDD23EAA0730061D47F /* projCryptoTests.swift */,
				2A516EDF23EAA0730061D47F /* Info.plist */,
			);
			path = projCryptoTests;
			sourceTree = "<group>";
		};
		2A516EE723EAA0730061D47F /* projCryptoUITests */ = {
			isa = PBXGroup;
			children = (
				2A516EE823EAA0730061D47F /* projCryptoUITests.swift */,
				2A516EEA23EAA0730061D47F /* Info.plist */,
			);
			path = projCryptoUITests;
			sourceTree = "<group>";
		};
/* End PBXGroup section */

/* Begin PBXNativeTarget section */
		2A516EC223EAA0700061D47F /* projCrypto */ = {
			isa = PBXNativeTarget;
			buildConfigurationList = 2A516EED23EAA0730061D47F /* Build configuration list for PBXNativeTarget "projCrypto" */;
			buildPhases = (
				2A516EBF23EAA0700061D47F /* Sources */,
				2A516EC023EAA0700061D47F /* Frameworks */,
				2A516EC123EAA0700061D47F /* Resources */,
			);
			buildRules = (
			);
			dependencies = (
			);
			name = projCrypto;
			productName = projCrypto;
			productReference = 2A516EC323EAA0700061D47F /* projCrypto.app */;
			productType = "com.apple.product-type.application";
		};
		2A516ED823EAA0730061D47F /* projCryptoTests */ = {
			isa = PBXNativeTarget;
			buildConfigurationList = 2A516EF023EAA0730061D47F /* Build configuration list for PBXNativeTarget "projCryptoTests" */;
			buildPhases = (
				2A516ED523EAA0730061D47F /* Sources */,
				2A516ED623EAA0730061D47F /* Frameworks */,
				2A516ED723EAA0730061D47F /* Resources */,
			);
			buildRules = (
			);
			dependencies = (
				2A516EDB23EAA0730061D47F /* PBXTargetDependency */,
			);
			name = projCryptoTests;
			productName = projCryptoTests;
			productReference = 2A516ED923EAA0730061D47F /* projCryptoTests.xctest */;
			productType = "com.apple.product-type.bundle.unit-test";
		};
		2A516EE323EAA0730061D47F /* projCryptoUITests */ = {
			isa = PBXNativeTarget;
			buildConfigurationList = 2A516EF323EAA0730061D47F /* Build configuration list for PBXNativeTarget "projCryptoUITests" */;
			buildPhases = (
				2A516EE023EAA0730061D47F /* Sources */,
				2A516EE123EAA0730061D47F /* Frameworks */,
				2A516EE223EAA0730061D47F /* Resources */,
			);
			buildRules = (
			);
			dependencies = (
				2A516EE623EAA0730061D47F /* PBXTargetDependency */,
			);
			name = projCryptoUITests;
			productName = projCryptoUITests;
			productReference = 2A516EE423EAA0730061D47F /* projCryptoUITests.xctest */;
			productType = "com.apple.product-type.bundle.ui-testing";
		};
/* End PBXNativeTarget section */

/* Begin PBXProject section */
		2A516EBB23EAA0700061D47F /* Project object */ = {
			isa = PBXProject;
			attributes = {
				LastSwiftUpdateCheck = 1100;
				LastUpgradeCheck = 1100;
				ORGANIZATIONNAME = Dell;
				TargetAttributes = {
					2A516EC223EAA0700061D47F = {
						CreatedOnToolsVersion = 11.0;
					};
					2A516ED823EAA0730061D47F = {
						CreatedOnToolsVersion = 11.0;
						TestTargetID = 2A516EC223EAA0700061D47F;
					};
					2A516EE323EAA0730061D47F = {
						CreatedOnToolsVersion = 11.0;
						TestTargetID = 2A516EC223EAA0700061D47F;
					};
				};
			};
			buildConfigurationList = 2A516EBE23EAA0700061D47F /* Build configuration list for PBXProject "projCrypto" */;
			compatibilityVersion = "Xcode 9.3";
			developmentRegion = en;
			hasScannedForEncodings = 0;
			knownRegions = (
				en,
				Base,
			);
			mainGroup = 2A516EBA23EAA0700061D47F;
			productRefGroup = 2A516EC423EAA0700061D47F /* Products */;
			projectDirPath = "";
			projectRoot = "";
			targets = (
				2A516EC223EAA0700061D47F /* projCrypto */,
				2A516ED823EAA0730061D47F /* projCryptoTests */,
				2A516EE323EAA0730061D47F /* projCryptoUITests */,
			);
		};
/* End PBXProject section */

/* Begin PBXResourcesBuildPhase section */
		2A516EC123EAA0700061D47F /* Resources */ = {
			isa = PBXResourcesBuildPhase;
			buildActionMask = 2147483647;
			files = (
				2A516ED323EAA0720061D47F /* LaunchScreen.storyboard in Resources */,
				2A516ED023EAA0720061D47F /* Assets.xcassets in Resources */,
				2A516ECE23EAA0700061D47F /* Main.storyboard in Resources */,
			);
			runOnlyForDeploymentPostprocessing = 0;
		};
		2A516ED723EAA0730061D47F /* Resources */ = {
			isa = PBXResourcesBuildPhase;
			buildActionMask = 2147483647;
			files = (
			);
			runOnlyForDeploymentPostprocessing = 0;
		};
		2A516EE223EAA0730061D47F /* Resources */ = {
			isa = PBXResourcesBuildPhase;
			buildActionMask = 2147483647;
			files = (
			);
			runOnlyForDeploymentPostprocessing = 0;
		};
/* End PBXResourcesBuildPhase section */

/* Begin PBXSourcesBuildPhase section */
		2A516EBF23EAA0700061D47F /* Sources */ = {
			isa = PBXSourcesBuildPhase;
			buildActionMask = 2147483647;
			files = (
				2A516ECB23EAA0700061D47F /* ViewController.swift in Sources */,
				2A516EC723EAA0700061D47F /* AppDelegate.swift in Sources */,
				2A516F0D23EAC6470061D47F /* EncryptViewController.swift in Sources */,
				2A516EC923EAA0700061D47F /* SceneDelegate.swift in Sources */,
				2A516F0F23EAC6610061D47F /* DecryptViewController.swift in Sources */,
			);
			runOnlyForDeploymentPostprocessing = 0;
		};
		2A516ED523EAA0730061D47F /* Sources */ = {
			isa = PBXSourcesBuildPhase;
			buildActionMask = 2147483647;
			files = (
				2A516EDE23EAA0730061D47F /* projCryptoTests.swift in Sources */,
			);
			runOnlyForDeploymentPostprocessing = 0;
		};
		2A516EE023EAA0730061D47F /* Sources */ = {
			isa = PBXSourcesBuildPhase;
			buildActionMask = 2147483647;
			files = (
				2A516EE923EAA0730061D47F /* projCryptoUITests.swift in Sources */,
			);
			runOnlyForDeploymentPostprocessing = 0;
		};
/* End PBXSourcesBuildPhase section */

/* Begin PBXTargetDependency section */
		2A516EDB23EAA0730061D47F /* PBXTargetDependency */ = {
			isa = PBXTargetDependency;
			target = 2A516EC223EAA0700061D47F /* projCrypto */;
			targetProxy = 2A516EDA23EAA0730061D47F /* PBXContainerItemProxy */;
		};
		2A516EE623EAA0730061D47F /* PBXTargetDependency */ = {
			isa = PBXTargetDependency;
			target = 2A516EC223EAA0700061D47F /* projCrypto */;
			targetProxy = 2A516EE523EAA0730061D47F /* PBXContainerItemProxy */;
		};
/* End PBXTargetDependency section */

/* Begin PBXVariantGroup section */
		2A516ECC23EAA0700061D47F /* Main.storyboard */ = {
			isa = PBXVariantGroup;
			children = (
				2A516ECD23EAA0700061D47F /* Base */,
			);
			name = Main.storyboard;
			sourceTree = "<group>";
		};
		2A516ED123EAA0720061D47F /* LaunchScreen.storyboard */ = {
			isa = PBXVariantGroup;
			children = (
				2A516ED223EAA0720061D47F /* Base */,
			);
			name = LaunchScreen.storyboard;
			sourceTree = "<group>";
		};
/* End PBXVariantGroup section */

/* Begin XCBuildConfiguration section */
		2A516EEB23EAA0730061D47F /* Debug */ = {
			isa = XCBuildConfiguration;
			buildSettings = {
				ALWAYS_SEARCH_USER_PATHS = NO;
				CLANG_ANALYZER_NONNULL = YES;
				CLANG_ANALYZER_NUMBER_OBJECT_CONVERSION = YES_AGGRESSIVE;
				CLANG_CXX_LANGUAGE_STANDARD = "gnu++14";
				CLANG_CXX_LIBRARY = "libc++";
				CLANG_ENABLE_MODULES = YES;
				CLANG_ENABLE_OBJC_ARC = YES;
				CLANG_ENABLE_OBJC_WEAK = YES;
				CLANG_WARN_BLOCK_CAPTURE_AUTORELEASING = YES;
				CLANG_WARN_BOOL_CONVERSION = YES;
				CLANG_WARN_COMMA = YES;
				CLANG_WARN_CONSTANT_CONVERSION = YES;
				CLANG_WARN_DEPRECATED_OBJC_IMPLEMENTATIONS = YES;
				CLANG_WARN_DIRECT_OBJC_ISA_USAGE = YES_ERROR;
				CLANG_WARN_DOCUMENTATION_COMMENTS = YES;
				CLANG_WARN_EMPTY_BODY = YES;
				CLANG_WARN_ENUM_CONVERSION = YES;
				CLANG_WARN_INFINITE_RECURSION = YES;
				CLANG_WARN_INT_CONVERSION = YES;
				CLANG_WARN_NON_LITERAL_NULL_CONVERSION = YES;
				CLANG_WARN_OBJC_IMPLICIT_RETAIN_SELF = YES;
				CLANG_WARN_OBJC_LITERAL_CONVERSION = YES;
				CLANG_WARN_OBJC_ROOT_CLASS = YES_ERROR;
				CLANG_WARN_RANGE_LOOP_ANALYSIS = YES;
				CLANG_WARN_STRICT_PROTOTYPES = YES;
				CLANG_WARN_SUSPICIOUS_MOVE = YES;
				CLANG_WARN_UNGUARDED_AVAILABILITY = YES_AGGRESSIVE;
				CLANG_WARN_UNREACHABLE_CODE = YES;
				CLANG_WARN__DUPLICATE_METHOD_MATCH = YES;
				COPY_PHASE_STRIP = NO;
				DEBUG_INFORMATION_FORMAT = dwarf;
				ENABLE_STRICT_OBJC_MSGSEND = YES;
				ENABLE_TESTABILITY = YES;
				GCC_C_LANGUAGE_STANDARD = gnu11;
				GCC_DYNAMIC_NO_PIC = NO;
				GCC_NO_COMMON_BLOCKS = YES;
				GCC_OPTIMIZATION_LEVEL = 0;
				GCC_PREPROCESSOR_DEFINITIONS = (
					"DEBUG=1",
					"$(inherited)",
				);
				GCC_WARN_64_TO_32_BIT_CONVERSION = YES;
				GCC_WARN_ABOUT_RETURN_TYPE = YES_ERROR;
				GCC_WARN_UNDECLARED_SELECTOR = YES;
				GCC_WARN_UNINITIALIZED_AUTOS = YES_AGGRESSIVE;
				GCC_WARN_UNUSED_FUNCTION = YES;
				GCC_WARN_UNUSED_VARIABLE = YES;
				IPHONEOS_DEPLOYMENT_TARGET = 13.0;
				MTL_ENABLE_DEBUG_INFO = INCLUDE_SOURCE;
				MTL_FAST_MATH = YES;
				ONLY_ACTIVE_ARCH = YES;
				SDKROOT = iphoneos;
				SWIFT_ACTIVE_COMPILATION_CONDITIONS = DEBUG;
				SWIFT_OPTIMIZATION_LEVEL = "-Onone";
			};
			name = Debug;
		};
		2A516EEC23EAA0730061D47F /* Release */ = {
			isa = XCBuildConfiguration;
			buildSettings = {
				ALWAYS_SEARCH_USER_PATHS = NO;
				CLANG_ANALYZER_NONNULL = YES;
				CLANG_ANALYZER_NUMBER_OBJECT_CONVERSION = YES_AGGRESSIVE;
				CLANG_CXX_LANGUAGE_STANDARD = "gnu++14";
				CLANG_CXX_LIBRARY = "libc++";
				CLANG_ENABLE_MODULES = YES;
				CLANG_ENABLE_OBJC_ARC = YES;
				CLANG_ENABLE_OBJC_WEAK = YES;
				CLANG_WARN_BLOCK_CAPTURE_AUTORELEASING = YES;
				CLANG_WARN_BOOL_CONVERSION = YES;
				CLANG_WARN_COMMA = YES;
				CLANG_WARN_CONSTANT_CONVERSION = YES;
				CLANG_WARN_DEPRECATED_OBJC_IMPLEMENTATIONS = YES;
				CLANG_WARN_DIRECT_OBJC_ISA_USAGE = YES_ERROR;
				CLANG_WARN_DOCUMENTATION_COMMENTS = YES;
				CLANG_WARN_EMPTY_BODY = YES;
				CLANG_WARN_ENUM_CONVERSION = YES;
				CLANG_WARN_INFINITE_RECURSION = YES;
				CLANG_WARN_INT_CONVERSION = YES;
				CLANG_WARN_NON_LITERAL_NULL_CONVERSION = YES;
				CLANG_WARN_OBJC_IMPLICIT_RETAIN_SELF = YES;
				CLANG_WARN_OBJC_LITERAL_CONVERSION = YES;
				CLANG_WARN_OBJC_ROOT_CLASS = YES_ERROR;
				CLANG_WARN_RANGE_LOOP_ANALYSIS = YES;
				CLANG_WARN_STRICT_PROTOTYPES = YES;
				CLANG_WARN_SUSPICIOUS_MOVE = YES;
				CLANG_WARN_UNGUARDED_AVAILABILITY = YES_AGGRESSIVE;
				CLANG_WARN_UNREACHABLE_CODE = YES;
				CLANG_WARN__DUPLICATE_METHOD_MATCH = YES;
				COPY_PHASE_STRIP = NO;
				DEBUG_INFORMATION_FORMAT = "dwarf-with-dsym";
				ENABLE_NS_ASSERTIONS = NO;
				ENABLE_STRICT_OBJC_MSGSEND = YES;
				GCC_C_LANGUAGE_STANDARD = gnu11;
				GCC_NO_COMMON_BLOCKS = YES;
				GCC_WARN_64_TO_32_BIT_CONVERSION = YES;
				GCC_WARN_ABOUT_RETURN_TYPE = YES_ERROR;
				GCC_WARN_UNDECLARED_SELECTOR = YES;
				GCC_WARN_UNINITIALIZED_AUTOS = YES_AGGRESSIVE;
				GCC_WARN_UNUSED_FUNCTION = YES;
				GCC_WARN_UNUSED_VARIABLE = YES;
				IPHONEOS_DEPLOYMENT_TARGET = 13.0;
				MTL_ENABLE_DEBUG_INFO = NO;
				MTL_FAST_MATH = YES;
				SDKROOT = iphoneos;
				SWIFT_COMPILATION_MODE = wholemodule;
				SWIFT_OPTIMIZATION_LEVEL = "-O";
				VALIDATE_PRODUCT = YES;
			};
			name = Release;
		};
		2A516EEE23EAA0730061D47F /* Debug */ = {
			isa = XCBuildConfiguration;
			buildSettings = {
				ASSETCATALOG_COMPILER_APPICON_NAME = AppIcon;
				CODE_SIGN_STYLE = Automatic;
				INFOPLIST_FILE = projCrypto/Info.plist;
				LD_RUNPATH_SEARCH_PATHS = (
					"$(inherited)",
					"@executable_path/Frameworks",
				);
				PRODUCT_BUNDLE_IDENTIFIER = Daramounika.projCrypto;
				PRODUCT_NAME = "$(TARGET_NAME)";
				SWIFT_VERSION = 5.0;
				TARGETED_DEVICE_FAMILY = "1,2";
			};
			name = Debug;
		};
		2A516EEF23EAA0730061D47F /* Release */ = {
			isa = XCBuildConfiguration;
			buildSettings = {
				ASSETCATALOG_COMPILER_APPICON_NAME = AppIcon;
				CODE_SIGN_STYLE = Automatic;
				INFOPLIST_FILE = projCrypto/Info.plist;
				LD_RUNPATH_SEARCH_PATHS = (
					"$(inherited)",
					"@executable_path/Frameworks",
				);
				PRODUCT_BUNDLE_IDENTIFIER = Daramounika.projCrypto;
				PRODUCT_NAME = "$(TARGET_NAME)";
				SWIFT_VERSION = 5.0;
				TARGETED_DEVICE_FAMILY = "1,2";
			};
			name = Release;
		};
		2A516EF123EAA0730061D47F /* Debug */ = {
			isa = XCBuildConfiguration;
			buildSettings = {
				ALWAYS_EMBED_SWIFT_STANDARD_LIBRARIES = YES;
				BUNDLE_LOADER = "$(TEST_HOST)";
				CODE_SIGN_STYLE = Automatic;
				INFOPLIST_FILE = projCryptoTests/Info.plist;
				IPHONEOS_DEPLOYMENT_TARGET = 13.0;
				LD_RUNPATH_SEARCH_PATHS = (
					"$(inherited)",
					"@executable_path/Frameworks",
					"@loader_path/Frameworks",
				);
				PRODUCT_BUNDLE_IDENTIFIER = Daramounika.projCryptoTests;
				PRODUCT_NAME = "$(TARGET_NAME)";
				SWIFT_VERSION = 5.0;
				TARGETED_DEVICE_FAMILY = "1,2";
				TEST_HOST = "$(BUILT_PRODUCTS_DIR)/projCrypto.app/projCrypto";
			};
			name = Debug;
		};
		2A516EF223EAA0730061D47F /* Release */ = {
			isa = XCBuildConfiguration;
			buildSettings = {
				ALWAYS_EMBED_SWIFT_STANDARD_LIBRARIES = YES;
				BUNDLE_LOADER = "$(TEST_HOST)";
				CODE_SIGN_STYLE = Automatic;
				INFOPLIST_FILE = projCryptoTests/Info.plist;
				IPHONEOS_DEPLOYMENT_TARGET = 13.0;
				LD_RUNPATH_SEARCH_PATHS = (
					"$(inherited)",
					"@executable_path/Frameworks",
					"@loader_path/Frameworks",
				);
				PRODUCT_BUNDLE_IDENTIFIER = Daramounika.projCryptoTests;
				PRODUCT_NAME = "$(TARGET_NAME)";
				SWIFT_VERSION = 5.0;
				TARGETED_DEVICE_FAMILY = "1,2";
				TEST_HOST = "$(BUILT_PRODUCTS_DIR)/projCrypto.app/projCrypto";
			};
			name = Release;
		};
		2A516EF423EAA0730061D47F /* Debug */ = {
			isa = XCBuildConfiguration;
			buildSettings = {
				ALWAYS_EMBED_SWIFT_STANDARD_LIBRARIES = YES;
				CODE_SIGN_STYLE = Automatic;
				INFOPLIST_FILE = projCryptoUITests/Info.plist;
				LD_RUNPATH_SEARCH_PATHS = (
					"$(inherited)",
					"@executable_path/Frameworks",
					"@loader_path/Frameworks",
				);
				PRODUCT_BUNDLE_IDENTIFIER = Daramounika.projCryptoUITests;
				PRODUCT_NAME = "$(TARGET_NAME)";
				SWIFT_VERSION = 5.0;
				TARGETED_DEVICE_FAMILY = "1,2";
				TEST_TARGET_NAME = projCrypto;
			};
			name = Debug;
		};
		2A516EF523EAA0730061D47F /* Release */ = {
			isa = XCBuildConfiguration;
			buildSettings = {
				ALWAYS_EMBED_SWIFT_STANDARD_LIBRARIES = YES;
				CODE_SIGN_STYLE = Automatic;
				INFOPLIST_FILE = projCryptoUITests/Info.plist;
				LD_RUNPATH_SEARCH_PATHS = (
					"$(inherited)",
					"@executable_path/Frameworks",
					"@loader_path/Frameworks",
				);
				PRODUCT_BUNDLE_IDENTIFIER = Daramounika.projCryptoUITests;
				PRODUCT_NAME = "$(TARGET_NAME)";
				SWIFT_VERSION = 5.0;
				TARGETED_DEVICE_FAMILY = "1,2";
				TEST_TARGET_NAME = projCrypto;
			};
			name = Release;
		};
/* End XCBuildConfiguration section */

/* Begin XCConfigurationList section */
		2A516EBE23EAA0700061D47F /* Build configuration list for PBXProject "projCrypto" */ = {
			isa = XCConfigurationList;
			buildConfigurations = (
				2A516EEB23EAA0730061D47F /* Debug */,
				2A516EEC23EAA0730061D47F /* Release */,
			);
			defaultConfigurationIsVisible = 0;
			defaultConfigurationName = Release;
		};
		2A516EED23EAA0730061D47F /* Build configuration list for PBXNativeTarget "projCrypto" */ = {
			isa = XCConfigurationList;
			buildConfigurations = (
				2A516EEE23EAA0730061D47F /* Debug */,
				2A516EEF23EAA0730061D47F /* Release */,
			);
			defaultConfigurationIsVisible = 0;
			defaultConfigurationName = Release;
		};
		2A516EF023EAA0730061D47F /* Build configuration list for PBXNativeTarget "projCryptoTests" */ = {
			isa = XCConfigurationList;
			buildConfigurations = (
				2A516EF123EAA0730061D47F /* Debug */,
				2A516EF223EAA0730061D47F /* Release */,
			);
			defaultConfigurationIsVisible = 0;
			defaultConfigurationName = Release;
		};
		2A516EF323EAA0730061D47F /* Build configuration list for PBXNativeTarget "projCryptoUITests" */ = {
			isa = XCConfigurationList;
			buildConfigurations = (
				2A516EF423EAA0730061D47F /* Debug */,
				2A516EF523EAA0730061D47F /* Release */,
			);
			defaultConfigurationIsVisible = 0;
			defaultConfigurationName = Release;
		};
/* End XCConfigurationList section */
	};
	rootObject = 2A516EBB23EAA0700061D47F /* Project object */;
}
